
Microsoft Visual Studio Solution File, Format Version 12.00
# Visual Studio Version 16
VisualStudioVersion = 16.0.30011.22
MinimumVisualStudioVersion = 10.0.40219.1
Project("{FAE04EC0-301F-11D3-BF4B-00C04F79EFBC}") = "RussianRoullete_Jass", "RussianRoullete_Jass\RussianRoullete_Jass.csproj", "{09CBFB96-D822-4944-B575-A7EB926981E8}"
EndProject
Project("{FAE04EC0-301F-11D3-BF4B-00C04F79EFBC}") = "UnitTestProject1", "UnitTestProject1\UnitTestProject1.csproj", "{2BB3C115-2811-493C-A415-6D4D92D28931}"
EndProject
Global
	GlobalSection(SolutionConfigurationPlatforms) = preSolution
		Debug|Any CPU = Debug|Any CPU
		Release|Any CPU = Release|Any CPU
	EndGlobalSection
	GlobalSection(ProjectConfigurationPlatforms) = postSolution
		{09CBFB96-D822-4944-B575-A7EB926981E8}.Debug|Any CPU.ActiveCfg = Debug|Any CPU
		{09CBFB96-D822-4944-B575-A7EB926981E8}.Debug|Any CPU.Build.0 = Debug|Any CPU
		{09CBFB96-D822-4944-B575-A7EB926981E8}.Release|Any CPU.ActiveCfg = Release|Any CPU
		{09CBFB96-D822-4944-B575-A7EB926981E8}.Release|Any CPU.Build.0 = Release|Any CPU
		{2BB3C115-2811-493C-A415-6D4D92D28931}.Debug|Any CPU.ActiveCfg = Debug|Any CPU
		{2BB3C115-2811-493C-A415-6D4D92D28931}.Debug|Any CPU.Build.0 = Debug|Any CPU
		{2BB3C115-2811-493C-A415-6D4D92D28931}.Release|Any CPU.ActiveCfg = Release|Any CPU
		{2BB3C115-2811-493C-A415-6D4D92D28931}.Release|Any CPU.Build.0 = Release|Any CPU
	EndGlobalSection
	GlobalSection(SolutionProperties) = preSolution
		HideSolutionNode = FALSE
	EndGlobalSection
	GlobalSection(ExtensibilityGlobals) = postSolution
		SolutionGuid = {533E2D8B-73E3-4B6D-AB05-F07A87E064ED}
	EndGlobalSection
EndGlobal
